
Microsoft Visual Studio Solution File, Format Version 12.00
# Visual Studio 15
VisualStudioVersion = 15.0.28307.136
MinimumVisualStudioVersion = 10.0.40219.1
Project("{FAE04EC0-301F-11D3-BF4B-00C04F79EFBC}") = "Getting Real", "Getting Real\Getting Real.csproj", "{DCC18F5B-F4B8-4AB2-93F6-B6BB3E50ECD1}"
EndProject
Global
	GlobalSection(SolutionConfigurationPlatforms) = preSolution
		Debug|Any CPU = Debug|Any CPU
		Release|Any CPU = Release|Any CPU
	EndGlobalSection
	GlobalSection(ProjectConfigurationPlatforms) = postSolution
		{DCC18F5B-F4B8-4AB2-93F6-B6BB3E50ECD1}.Debug|Any CPU.ActiveCfg = Debug|Any CPU
		{DCC18F5B-F4B8-4AB2-93F6-B6BB3E50ECD1}.Debug|Any CPU.Build.0 = Debug|Any CPU
		{DCC18F5B-F4B8-4AB2-93F6-B6BB3E50ECD1}.Release|Any CPU.ActiveCfg = Release|Any CPU
		{DCC18F5B-F4B8-4AB2-93F6-B6BB3E50ECD1}.Release|Any CPU.Build.0 = Release|Any CPU
	EndGlobalSection
	GlobalSection(SolutionProperties) = preSolution
		HideSolutionNode = FALSE
	EndGlobalSection
	GlobalSection(ExtensibilityGlobals) = postSolution
		SolutionGuid = {A84EB0F2-A0B0-497B-9580-A7306356C24E}
	EndGlobalSection
EndGlobal
